<?xml version="1.0" encoding="UTF-8" standalone="yes" ?>
<CodeBlocks_project_file>
	<FileVersion major="1" minor="6" />
	<Project>
		<Option title="SDL" />
		<Option pch_mode="2" />
		<Option compiler="gcc" />
		<Build>
			<Target title="Debug">
				<Option output="bin/Debug/SDL" prefix_auto="1" extension_auto="1" />
				<Option object_output="obj/Debug/" />
				<Option type="1" />
				<Option compiler="gcc" />
				<Compiler>
					<Add option="-g" />
					<Add directory="C:/MinGW/SDL2/SDL_bgi-2.6.0/src" />
					<Add directory="C:/MinGW/SDL2/SDL2_image-2.6.2/x86_64-w64-mingw32/include/SDL2" />
					<Add directory="C:/MinGW/SDL2/SDL2_mixer-2.6.2/x86_64-w64-mingw32/include/SDL2" />
					<Add directory="C:/MinGW/SDL2/SDL2_ttf-2.20.1/x86_64-w64-mingw32/include/SDL2" />
					<Add directory="C:/MinGW/SDL2/SDL2-2.24.2/x86_64-w64-mingw32/include" />
					<Add directory="C:/MinGW/SDL2/SDL2-2.24.2/x86_64-w64-mingw32/include/SDL2" />
				</Compiler>
				<Linker>
					<Add option="-lmingw32" />
					<Add option="-L/mingw64/bin" />
					<Add option="-lSDL_bgi" />
					<Add option="-lSDL2_ttf" />
					<Add option="-lSDL2_mixer" />
					<Add option="-lSDL2_image" />
					<Add option="-lSDL2main" />
					<Add option="-lSDL2" />
					<Add directory="C:/MinGW/SDL2/SDL2-2.24.2/x86_64-w64-mingw32/lib" />
					<Add directory="C:/MinGW/SDL2/SDL_bgi-2.6.0/bin/Mingw64" />
					<Add directory="C:/MinGW/SDL2/SDL2_image-2.6.2/x86_64-w64-mingw32/lib" />
					<Add directory="C:/MinGW/SDL2/SDL2_mixer-2.6.2/x86_64-w64-mingw32/lib" />
					<Add directory="C:/MinGW/SDL2/SDL2_ttf-2.20.1/x86_64-w64-mingw32/lib" />
				</Linker>
			</Target>
			<Target title="Release">
				<Option output="bin/Release/SDL" prefix_auto="1" extension_auto="1" />
				<Option object_output="obj/Release/" />
				<Option type="1" />
				<Option compiler="gcc" />
				<Compiler>
					<Add option="-O2" />
					<Add directory="C:/MinGW/SDL2/SDL_bgi-2.6.0/src" />
					<Add directory="C:/MinGW/SDL2/SDL2_image-2.6.2/x86_64-w64-mingw32/include/SDL2" />
					<Add directory="C:/MinGW/SDL2/SDL2_mixer-2.6.2/x86_64-w64-mingw32/include/SDL2" />
					<Add directory="C:/MinGW/SDL2/SDL2_ttf-2.20.1/x86_64-w64-mingw32/include/SDL2" />
					<Add directory="C:/MinGW/SDL2/SDL2-2.24.2/x86_64-w64-mingw32/include" />
					<Add directory="C:/MinGW/SDL2/SDL2-2.24.2/x86_64-w64-mingw32/include/SDL2" />
				</Compiler>
				<Linker>
					<Add option="-s" />
					<Add option="-lmingw32" />
					<Add option="-L/mingw64/bin" />
					<Add option="-lSDL_bgi" />
					<Add option="-lSDL2_ttf" />
					<Add option="-lSDL2_mixer" />
					<Add option="-lSDL2_image" />
					<Add option="-lSDL2main" />
					<Add option="-lSDL2" />
					<Add directory="SDL2-2.24.2/x86_64-w64-mingw32/lib" />
					<Add directory="SDL_bgi-2.6.0/bin/Mingw64" />
					<Add directory="SDL2_image-2.6.2/x86_64-w64-mingw32/lib" />
					<Add directory="SDL2_mixer-2.6.2/x86_64-w64-mingw32/lib" />
					<Add directory="SDL2_ttf-2.20.1/x86_64-w64-mingw32/lib" />
					<Add directory="C:/MinGW/SDL2/SDL2-2.24.2/x86_64-w64-mingw32/lib" />
					<Add directory="C:/MinGW/SDL2/SDL_bgi-2.6.0/bin/Mingw64" />
					<Add directory="C:/MinGW/SDL2/SDL2_image-2.6.2/x86_64-w64-mingw32/lib" />
					<Add directory="C:/MinGW/SDL2/SDL2_mixer-2.6.2/x86_64-w64-mingw32/lib" />
					<Add directory="C:/MinGW/SDL2/SDL2_ttf-2.20.1/x86_64-w64-mingw32/lib" />
				</Linker>
			</Target>
		</Build>
		<Compiler>
			<Add option="-Wall" />
		</Compiler>
		<Unit filename="Character.cpp" />
		<Unit filename="Character.h" />
		<Unit filename="Data.cpp" />
		<Unit filename="Data.h" />
		<Unit filename="Grid.cpp" />
		<Unit filename="Grid.h" />
		<Unit filename="Rendering.cpp" />
		<Unit filename="Rendering.h" />
		<Unit filename="Texture.cpp" />
		<Unit filename="Texture.h" />
		<Unit filename="fileManager.cpp" />
		<Unit filename="fileManager.h" />
		<Unit filename="game.cpp" />
		<Unit filename="game.h" />
		<Unit filename="main.cpp" />
		<Extensions>
			<lib_finder disable_auto="1" />
		</Extensions>
	</Project>
</CodeBlocks_project_file>
